
Microsoft Visual Studio Solution File, Format Version 12.00
# Visual Studio Version 17
VisualStudioVersion = 17.10.35122.118
MinimumVisualStudioVersion = 10.0.40219.1
Project("{9A19103F-16F7-4668-BE54-9A1E7A4F7556}") = "Restuarent_Backend", "Restuarent_Backend\Restuarent_Backend.csproj", "{40372867-D58A-4C5E-AC7D-0B0A5CE73E98}"
EndProject
Global
	GlobalSection(SolutionConfigurationPlatforms) = preSolution
		Debug|Any CPU = Debug|Any CPU
		Release|Any CPU = Release|Any CPU
	EndGlobalSection
	GlobalSection(ProjectConfigurationPlatforms) = postSolution
		{40372867-D58A-4C5E-AC7D-0B0A5CE73E98}.Debug|Any CPU.ActiveCfg = Debug|Any CPU
		{40372867-D58A-4C5E-AC7D-0B0A5CE73E98}.Debug|Any CPU.Build.0 = Debug|Any CPU
		{40372867-D58A-4C5E-AC7D-0B0A5CE73E98}.Release|Any CPU.ActiveCfg = Release|Any CPU
		{40372867-D58A-4C5E-AC7D-0B0A5CE73E98}.Release|Any CPU.Build.0 = Release|Any CPU
	EndGlobalSection
	GlobalSection(SolutionProperties) = preSolution
		HideSolutionNode = FALSE
	EndGlobalSection
	GlobalSection(ExtensibilityGlobals) = postSolution
		SolutionGuid = {924B9C6D-7DE8-424A-A516-DBFA5B0BD4B7}
	EndGlobalSection
EndGlobal
